
Microsoft Visual Studio Solution File, Format Version 12.00
# Visual Studio Version 16
VisualStudioVersion = 16.0.29920.165
MinimumVisualStudioVersion = 10.0.40219.1
Project("{2150E333-8FDC-42A3-9474-1A3956D46DE8}") = "ref", "ref", "{2EB7C0B9-A9F6-453A-94BF-07E33DB966F7}"
EndProject
Project("{9A19103F-16F7-4668-BE54-9A1E7A4F7556}") = "GreenWhale.Application.SerialPorts", "..\..\ref\GreenWhale.Application.SerialPort\GreenWhale.Application.SerialPorts.csproj", "{7EFC1086-659A-450A-BFA1-C6EB342065AC}"
EndProject
Project("{2150E333-8FDC-42A3-9474-1A3956D46DE8}") = "src", "src", "{61BE84B9-9928-4E4E-92F8-02EC52BD61F7}"
EndProject
Project("{2150E333-8FDC-42A3-9474-1A3956D46DE8}") = "test", "test", "{B8E08C31-0AE6-4E31-84A1-00A6B04CCBDA}"
EndProject
Project("{9A19103F-16F7-4668-BE54-9A1E7A4F7556}") = "GreenWhale.RunTime.Scripts", "GreenWhale.RunTime.Scripts\GreenWhale.RunTime.Scripts.csproj", "{AC09465E-2FAB-4598-BAE7-60100A652549}"
EndProject
Project("{9A19103F-16F7-4668-BE54-9A1E7A4F7556}") = "GreenWhale.Extensions.TestStudio.UnitTest", "GreenWhale.Extensions.TestStudio.UnitTest\GreenWhale.Extensions.TestStudio.UnitTest.csproj", "{C326C859-89D0-4ABF-9195-281F044CCC6C}"
EndProject
Project("{9A19103F-16F7-4668-BE54-9A1E7A4F7556}") = "WorkStudio", "LierdaTestStudio\WorkStudio.csproj", "{FC4651AA-656D-4909-95F8-495913513DA4}"
EndProject
Project("{9A19103F-16F7-4668-BE54-9A1E7A4F7556}") = "GreenWhale.Extensions.TestStudio", "GreenWhale.Extensions.TestStudio\GreenWhale.Extensions.TestStudio.csproj", "{623785D2-6B53-43D9-919D-EF6106CE17C7}"
EndProject
Global
	GlobalSection(SolutionConfigurationPlatforms) = preSolution
		Debug|Any CPU = Debug|Any CPU
		Release|Any CPU = Release|Any CPU
	EndGlobalSection
	GlobalSection(ProjectConfigurationPlatforms) = postSolution
		{7EFC1086-659A-450A-BFA1-C6EB342065AC}.Debug|Any CPU.ActiveCfg = Debug|Any CPU
		{7EFC1086-659A-450A-BFA1-C6EB342065AC}.Debug|Any CPU.Build.0 = Debug|Any CPU
		{7EFC1086-659A-450A-BFA1-C6EB342065AC}.Release|Any CPU.ActiveCfg = Release|Any CPU
		{7EFC1086-659A-450A-BFA1-C6EB342065AC}.Release|Any CPU.Build.0 = Release|Any CPU
		{AC09465E-2FAB-4598-BAE7-60100A652549}.Debug|Any CPU.ActiveCfg = Debug|Any CPU
		{AC09465E-2FAB-4598-BAE7-60100A652549}.Debug|Any CPU.Build.0 = Debug|Any CPU
		{AC09465E-2FAB-4598-BAE7-60100A652549}.Release|Any CPU.ActiveCfg = Release|Any CPU
		{AC09465E-2FAB-4598-BAE7-60100A652549}.Release|Any CPU.Build.0 = Release|Any CPU
		{C326C859-89D0-4ABF-9195-281F044CCC6C}.Debug|Any CPU.ActiveCfg = Debug|Any CPU
		{C326C859-89D0-4ABF-9195-281F044CCC6C}.Debug|Any CPU.Build.0 = Debug|Any CPU
		{C326C859-89D0-4ABF-9195-281F044CCC6C}.Release|Any CPU.ActiveCfg = Release|Any CPU
		{C326C859-89D0-4ABF-9195-281F044CCC6C}.Release|Any CPU.Build.0 = Release|Any CPU
		{FC4651AA-656D-4909-95F8-495913513DA4}.Debug|Any CPU.ActiveCfg = Debug|Any CPU
		{FC4651AA-656D-4909-95F8-495913513DA4}.Debug|Any CPU.Build.0 = Debug|Any CPU
		{FC4651AA-656D-4909-95F8-495913513DA4}.Release|Any CPU.ActiveCfg = Release|Any CPU
		{FC4651AA-656D-4909-95F8-495913513DA4}.Release|Any CPU.Build.0 = Release|Any CPU
		{623785D2-6B53-43D9-919D-EF6106CE17C7}.Debug|Any CPU.ActiveCfg = Debug|Any CPU
		{623785D2-6B53-43D9-919D-EF6106CE17C7}.Debug|Any CPU.Build.0 = Debug|Any CPU
		{623785D2-6B53-43D9-919D-EF6106CE17C7}.Release|Any CPU.ActiveCfg = Release|Any CPU
		{623785D2-6B53-43D9-919D-EF6106CE17C7}.Release|Any CPU.Build.0 = Release|Any CPU
	EndGlobalSection
	GlobalSection(SolutionProperties) = preSolution
		HideSolutionNode = FALSE
	EndGlobalSection
	GlobalSection(NestedProjects) = preSolution
		{7EFC1086-659A-450A-BFA1-C6EB342065AC} = {2EB7C0B9-A9F6-453A-94BF-07E33DB966F7}
		{AC09465E-2FAB-4598-BAE7-60100A652549} = {61BE84B9-9928-4E4E-92F8-02EC52BD61F7}
		{C326C859-89D0-4ABF-9195-281F044CCC6C} = {B8E08C31-0AE6-4E31-84A1-00A6B04CCBDA}
		{FC4651AA-656D-4909-95F8-495913513DA4} = {61BE84B9-9928-4E4E-92F8-02EC52BD61F7}
		{623785D2-6B53-43D9-919D-EF6106CE17C7} = {61BE84B9-9928-4E4E-92F8-02EC52BD61F7}
	EndGlobalSection
	GlobalSection(ExtensibilityGlobals) = postSolution
		SolutionGuid = {52590A5F-5E86-4F32-9A6D-A570E5488170}
	EndGlobalSection
EndGlobal
