
Microsoft Visual Studio Solution File, Format Version 12.00
# Visual Studio Version 16
VisualStudioVersion = 16.0.29613.14
MinimumVisualStudioVersion = 10.0.40219.1
Project("{9A19103F-16F7-4668-BE54-9A1E7A4F7556}") = "MultiMeterSystem", "MultiMeterSystem\MultiMeterSystem.csproj", "{E09AB019-2AB5-4B96-8085-E3102A22D476}"
EndProject
Project("{2150E333-8FDC-42A3-9474-1A3956D46DE8}") = "Solution Items", "Solution Items", "{170D04B7-7B9F-4152-B114-5CAEEB6B1520}"
	ProjectSection(SolutionItems) = preProject
		.editorconfig = .editorconfig
	EndProjectSection
EndProject
Project("{2150E333-8FDC-42A3-9474-1A3956D46DE8}") = "核心功能", "核心功能", "{CC3E8F18-6569-485A-A9A7-7E8E4894E786}"
EndProject
Project("{2150E333-8FDC-42A3-9474-1A3956D46DE8}") = "扩展功能", "扩展功能", "{B433AD21-0BFB-4CC3-A539-DF199FC8C595}"
EndProject
Project("{9A19103F-16F7-4668-BE54-9A1E7A4F7556}") = "GreenWhale.Extensions.Nuget", "GreenWhale.Extensions.Nuget\GreenWhale.Extensions.Nuget.csproj", "{81C5DC5A-4AE6-4646-B9CC-5EF34C6E05CA}"
EndProject
Project("{9A19103F-16F7-4668-BE54-9A1E7A4F7556}") = "GreenWhale.Extensions.ProjectManager", "GreenWhale.Extensions.ProjectManager\GreenWhale.Extensions.ProjectManager.csproj", "{54F5080A-3A91-4EB8-B061-449E9CD0C22E}"
EndProject
Project("{9A19103F-16F7-4668-BE54-9A1E7A4F7556}") = "GreenWhale.Extensions.TestManager", "GreenWhale.Extensions.TestManager\GreenWhale.Extensions.TestManager.csproj", "{293B6198-47C6-4831-B65E-5251E9CCAE6B}"
EndProject
Project("{9A19103F-16F7-4668-BE54-9A1E7A4F7556}") = "GreenWhale.Extensions.Nuget.UnitTest", "GreenWhale.Extensions.Nuget.UnitTest\GreenWhale.Extensions.Nuget.UnitTest.csproj", "{EBF100E9-3A6B-4E34-B123-FE790A0103F6}"
EndProject
Project("{9A19103F-16F7-4668-BE54-9A1E7A4F7556}") = "GreenWhale.Extensions.TestManager.UnitTest", "GreenWhale.Extension.TestManager.UnitTest\GreenWhale.Extensions.TestManager.UnitTest.csproj", "{19271DB4-26FF-4304-89C8-36F3870547BD}"
EndProject
Project("{9A19103F-16F7-4668-BE54-9A1E7A4F7556}") = "GreenWhale.BootLoader", "AutoBuild\GreenWhale.BootLoader\GreenWhale.BootLoader.csproj", "{B2C41EF9-A5AA-499E-AD28-F4039FFC1477}"
EndProject
Project("{9A19103F-16F7-4668-BE54-9A1E7A4F7556}") = "GreenWhale.BootLoader.Implements", "AutoBuild\GreenWhale.BootLoader.Implements\GreenWhale.BootLoader.Implements.csproj", "{1A8B617C-DDF4-4BFF-A78F-743F6C215ADD}"
EndProject
Project("{9A19103F-16F7-4668-BE54-9A1E7A4F7556}") = "GreenWhale.Extensions.Styles", "AutoBuild\GreenWhale.Extensions.Styles\GreenWhale.Extensions.Styles.csproj", "{61B69D3B-1518-420D-A03B-C89E4500CB0C}"
EndProject
Global
	GlobalSection(SolutionConfigurationPlatforms) = preSolution
		Debug|Any CPU = Debug|Any CPU
		Release|Any CPU = Release|Any CPU
	EndGlobalSection
	GlobalSection(ProjectConfigurationPlatforms) = postSolution
		{E09AB019-2AB5-4B96-8085-E3102A22D476}.Debug|Any CPU.ActiveCfg = Debug|Any CPU
		{E09AB019-2AB5-4B96-8085-E3102A22D476}.Debug|Any CPU.Build.0 = Debug|Any CPU
		{E09AB019-2AB5-4B96-8085-E3102A22D476}.Release|Any CPU.ActiveCfg = Release|Any CPU
		{E09AB019-2AB5-4B96-8085-E3102A22D476}.Release|Any CPU.Build.0 = Release|Any CPU
		{81C5DC5A-4AE6-4646-B9CC-5EF34C6E05CA}.Debug|Any CPU.ActiveCfg = Debug|Any CPU
		{81C5DC5A-4AE6-4646-B9CC-5EF34C6E05CA}.Debug|Any CPU.Build.0 = Debug|Any CPU
		{81C5DC5A-4AE6-4646-B9CC-5EF34C6E05CA}.Release|Any CPU.ActiveCfg = Release|Any CPU
		{81C5DC5A-4AE6-4646-B9CC-5EF34C6E05CA}.Release|Any CPU.Build.0 = Release|Any CPU
		{54F5080A-3A91-4EB8-B061-449E9CD0C22E}.Debug|Any CPU.ActiveCfg = Debug|Any CPU
		{54F5080A-3A91-4EB8-B061-449E9CD0C22E}.Debug|Any CPU.Build.0 = Debug|Any CPU
		{54F5080A-3A91-4EB8-B061-449E9CD0C22E}.Release|Any CPU.ActiveCfg = Release|Any CPU
		{54F5080A-3A91-4EB8-B061-449E9CD0C22E}.Release|Any CPU.Build.0 = Release|Any CPU
		{293B6198-47C6-4831-B65E-5251E9CCAE6B}.Debug|Any CPU.ActiveCfg = Debug|Any CPU
		{293B6198-47C6-4831-B65E-5251E9CCAE6B}.Debug|Any CPU.Build.0 = Debug|Any CPU
		{293B6198-47C6-4831-B65E-5251E9CCAE6B}.Release|Any CPU.ActiveCfg = Release|Any CPU
		{293B6198-47C6-4831-B65E-5251E9CCAE6B}.Release|Any CPU.Build.0 = Release|Any CPU
		{EBF100E9-3A6B-4E34-B123-FE790A0103F6}.Debug|Any CPU.ActiveCfg = Debug|Any CPU
		{EBF100E9-3A6B-4E34-B123-FE790A0103F6}.Debug|Any CPU.Build.0 = Debug|Any CPU
		{EBF100E9-3A6B-4E34-B123-FE790A0103F6}.Release|Any CPU.ActiveCfg = Release|Any CPU
		{EBF100E9-3A6B-4E34-B123-FE790A0103F6}.Release|Any CPU.Build.0 = Release|Any CPU
		{19271DB4-26FF-4304-89C8-36F3870547BD}.Debug|Any CPU.ActiveCfg = Debug|Any CPU
		{19271DB4-26FF-4304-89C8-36F3870547BD}.Debug|Any CPU.Build.0 = Debug|Any CPU
		{19271DB4-26FF-4304-89C8-36F3870547BD}.Release|Any CPU.ActiveCfg = Release|Any CPU
		{19271DB4-26FF-4304-89C8-36F3870547BD}.Release|Any CPU.Build.0 = Release|Any CPU
		{B2C41EF9-A5AA-499E-AD28-F4039FFC1477}.Debug|Any CPU.ActiveCfg = Debug|Any CPU
		{B2C41EF9-A5AA-499E-AD28-F4039FFC1477}.Debug|Any CPU.Build.0 = Debug|Any CPU
		{B2C41EF9-A5AA-499E-AD28-F4039FFC1477}.Release|Any CPU.ActiveCfg = Release|Any CPU
		{B2C41EF9-A5AA-499E-AD28-F4039FFC1477}.Release|Any CPU.Build.0 = Release|Any CPU
		{1A8B617C-DDF4-4BFF-A78F-743F6C215ADD}.Debug|Any CPU.ActiveCfg = Debug|Any CPU
		{1A8B617C-DDF4-4BFF-A78F-743F6C215ADD}.Debug|Any CPU.Build.0 = Debug|Any CPU
		{1A8B617C-DDF4-4BFF-A78F-743F6C215ADD}.Release|Any CPU.ActiveCfg = Release|Any CPU
		{1A8B617C-DDF4-4BFF-A78F-743F6C215ADD}.Release|Any CPU.Build.0 = Release|Any CPU
		{61B69D3B-1518-420D-A03B-C89E4500CB0C}.Debug|Any CPU.ActiveCfg = Debug|Any CPU
		{61B69D3B-1518-420D-A03B-C89E4500CB0C}.Debug|Any CPU.Build.0 = Debug|Any CPU
		{61B69D3B-1518-420D-A03B-C89E4500CB0C}.Release|Any CPU.ActiveCfg = Release|Any CPU
		{61B69D3B-1518-420D-A03B-C89E4500CB0C}.Release|Any CPU.Build.0 = Release|Any CPU
	EndGlobalSection
	GlobalSection(SolutionProperties) = preSolution
		HideSolutionNode = FALSE
	EndGlobalSection
	GlobalSection(NestedProjects) = preSolution
		{81C5DC5A-4AE6-4646-B9CC-5EF34C6E05CA} = {B433AD21-0BFB-4CC3-A539-DF199FC8C595}
		{54F5080A-3A91-4EB8-B061-449E9CD0C22E} = {B433AD21-0BFB-4CC3-A539-DF199FC8C595}
		{293B6198-47C6-4831-B65E-5251E9CCAE6B} = {B433AD21-0BFB-4CC3-A539-DF199FC8C595}
		{EBF100E9-3A6B-4E34-B123-FE790A0103F6} = {B433AD21-0BFB-4CC3-A539-DF199FC8C595}
		{19271DB4-26FF-4304-89C8-36F3870547BD} = {B433AD21-0BFB-4CC3-A539-DF199FC8C595}
		{B2C41EF9-A5AA-499E-AD28-F4039FFC1477} = {CC3E8F18-6569-485A-A9A7-7E8E4894E786}
		{1A8B617C-DDF4-4BFF-A78F-743F6C215ADD} = {CC3E8F18-6569-485A-A9A7-7E8E4894E786}
		{61B69D3B-1518-420D-A03B-C89E4500CB0C} = {CC3E8F18-6569-485A-A9A7-7E8E4894E786}
	EndGlobalSection
	GlobalSection(ExtensibilityGlobals) = postSolution
		SolutionGuid = {BFD67B91-CD35-49E8-94C1-E691DD35D5E5}
	EndGlobalSection
EndGlobal
