
Microsoft Visual Studio Solution File, Format Version 12.00
# Visual Studio Version 16
VisualStudioVersion = 16.0.29613.14
MinimumVisualStudioVersion = 10.0.40219.1
Project("{9A19103F-16F7-4668-BE54-9A1E7A4F7556}") = "MultiMeterSystem", "MultiMeterSystem\MultiMeterSystem.csproj", "{E09AB019-2AB5-4B96-8085-E3102A22D476}"
EndProject
Project("{9A19103F-16F7-4668-BE54-9A1E7A4F7556}") = "GreenWhale.BootLoader", "GreenWhale.BootLoader\GreenWhale.BootLoader.csproj", "{5FE1EC42-3352-499D-99FB-82C96525DE07}"
EndProject
Project("{2150E333-8FDC-42A3-9474-1A3956D46DE8}") = "Solution Items", "Solution Items", "{170D04B7-7B9F-4152-B114-5CAEEB6B1520}"
	ProjectSection(SolutionItems) = preProject
		.editorconfig = .editorconfig
	EndProjectSection
EndProject
Project("{2150E333-8FDC-42A3-9474-1A3956D46DE8}") = "核心功能", "核心功能", "{CC3E8F18-6569-485A-A9A7-7E8E4894E786}"
EndProject
Project("{2150E333-8FDC-42A3-9474-1A3956D46DE8}") = "扩展功能", "扩展功能", "{B433AD21-0BFB-4CC3-A539-DF199FC8C595}"
EndProject
Project("{9A19103F-16F7-4668-BE54-9A1E7A4F7556}") = "GreenWhale.BootLoader.Implements", "GreenWhale.BootLoader.Implements\GreenWhale.BootLoader.Implements.csproj", "{F3053DFA-48E8-4865-9104-32A5DCE2F214}"
EndProject
Project("{9A19103F-16F7-4668-BE54-9A1E7A4F7556}") = "GreenWhale.Extensions.Nuget", "GreenWhale.Extensions.Nuget\GreenWhale.Extensions.Nuget.csproj", "{81C5DC5A-4AE6-4646-B9CC-5EF34C6E05CA}"
EndProject
Project("{9A19103F-16F7-4668-BE54-9A1E7A4F7556}") = "GreenWhale.Extensions.ProjectManager", "GreenWhale.Extensions.ProjectManager\GreenWhale.Extensions.ProjectManager.csproj", "{54F5080A-3A91-4EB8-B061-449E9CD0C22E}"
EndProject
Project("{9A19103F-16F7-4668-BE54-9A1E7A4F7556}") = "GreenWhale.Extensions.TestManager", "GreenWhale.Extensions.TestManager\GreenWhale.Extensions.TestManager.csproj", "{293B6198-47C6-4831-B65E-5251E9CCAE6B}"
EndProject
Project("{9A19103F-16F7-4668-BE54-9A1E7A4F7556}") = "GreenWhale.Extensions.Nuget.UnitTest", "GreenWhale.Extensions.Nuget.UnitTest\GreenWhale.Extensions.Nuget.UnitTest.csproj", "{EBF100E9-3A6B-4E34-B123-FE790A0103F6}"
EndProject
Project("{9A19103F-16F7-4668-BE54-9A1E7A4F7556}") = "GreenWhale.Extensions.TestManager.UnitTest", "GreenWhale.Extension.TestManager.UnitTest\GreenWhale.Extensions.TestManager.UnitTest.csproj", "{19271DB4-26FF-4304-89C8-36F3870547BD}"
EndProject
Project("{9A19103F-16F7-4668-BE54-9A1E7A4F7556}") = "GreenWhale.Docx", "C:\Users\WXF\source\repos\GreenWhale.Docx\GreenWhale.Docx\GreenWhale.Docx.csproj", "{0F543E38-910B-4204-BDDD-EE85DF67BC7C}"
EndProject
Project("{FAE04EC0-301F-11D3-BF4B-00C04F79EFBC}") = "GreenWhale.Extensions.Styles", "GreenWhale.Extensions.Styles\GreenWhale.Extensions.Styles.csproj", "{02496478-6E8E-41DD-802C-FD19C709B238}"
EndProject
Global
	GlobalSection(SolutionConfigurationPlatforms) = preSolution
		Debug|Any CPU = Debug|Any CPU
		Release|Any CPU = Release|Any CPU
	EndGlobalSection
	GlobalSection(ProjectConfigurationPlatforms) = postSolution
		{E09AB019-2AB5-4B96-8085-E3102A22D476}.Debug|Any CPU.ActiveCfg = Debug|Any CPU
		{E09AB019-2AB5-4B96-8085-E3102A22D476}.Debug|Any CPU.Build.0 = Debug|Any CPU
		{E09AB019-2AB5-4B96-8085-E3102A22D476}.Release|Any CPU.ActiveCfg = Release|Any CPU
		{E09AB019-2AB5-4B96-8085-E3102A22D476}.Release|Any CPU.Build.0 = Release|Any CPU
		{5FE1EC42-3352-499D-99FB-82C96525DE07}.Debug|Any CPU.ActiveCfg = Debug|Any CPU
		{5FE1EC42-3352-499D-99FB-82C96525DE07}.Debug|Any CPU.Build.0 = Debug|Any CPU
		{5FE1EC42-3352-499D-99FB-82C96525DE07}.Release|Any CPU.ActiveCfg = Release|Any CPU
		{5FE1EC42-3352-499D-99FB-82C96525DE07}.Release|Any CPU.Build.0 = Release|Any CPU
		{F3053DFA-48E8-4865-9104-32A5DCE2F214}.Debug|Any CPU.ActiveCfg = Debug|Any CPU
		{F3053DFA-48E8-4865-9104-32A5DCE2F214}.Debug|Any CPU.Build.0 = Debug|Any CPU
		{F3053DFA-48E8-4865-9104-32A5DCE2F214}.Release|Any CPU.ActiveCfg = Release|Any CPU
		{F3053DFA-48E8-4865-9104-32A5DCE2F214}.Release|Any CPU.Build.0 = Release|Any CPU
		{81C5DC5A-4AE6-4646-B9CC-5EF34C6E05CA}.Debug|Any CPU.ActiveCfg = Debug|Any CPU
		{81C5DC5A-4AE6-4646-B9CC-5EF34C6E05CA}.Debug|Any CPU.Build.0 = Debug|Any CPU
		{81C5DC5A-4AE6-4646-B9CC-5EF34C6E05CA}.Release|Any CPU.ActiveCfg = Release|Any CPU
		{81C5DC5A-4AE6-4646-B9CC-5EF34C6E05CA}.Release|Any CPU.Build.0 = Release|Any CPU
		{54F5080A-3A91-4EB8-B061-449E9CD0C22E}.Debug|Any CPU.ActiveCfg = Debug|Any CPU
		{54F5080A-3A91-4EB8-B061-449E9CD0C22E}.Debug|Any CPU.Build.0 = Debug|Any CPU
		{54F5080A-3A91-4EB8-B061-449E9CD0C22E}.Release|Any CPU.ActiveCfg = Release|Any CPU
		{54F5080A-3A91-4EB8-B061-449E9CD0C22E}.Release|Any CPU.Build.0 = Release|Any CPU
		{293B6198-47C6-4831-B65E-5251E9CCAE6B}.Debug|Any CPU.ActiveCfg = Debug|Any CPU
		{293B6198-47C6-4831-B65E-5251E9CCAE6B}.Debug|Any CPU.Build.0 = Debug|Any CPU
		{293B6198-47C6-4831-B65E-5251E9CCAE6B}.Release|Any CPU.ActiveCfg = Release|Any CPU
		{293B6198-47C6-4831-B65E-5251E9CCAE6B}.Release|Any CPU.Build.0 = Release|Any CPU
		{EBF100E9-3A6B-4E34-B123-FE790A0103F6}.Debug|Any CPU.ActiveCfg = Debug|Any CPU
		{EBF100E9-3A6B-4E34-B123-FE790A0103F6}.Debug|Any CPU.Build.0 = Debug|Any CPU
		{EBF100E9-3A6B-4E34-B123-FE790A0103F6}.Release|Any CPU.ActiveCfg = Release|Any CPU
		{EBF100E9-3A6B-4E34-B123-FE790A0103F6}.Release|Any CPU.Build.0 = Release|Any CPU
		{19271DB4-26FF-4304-89C8-36F3870547BD}.Debug|Any CPU.ActiveCfg = Debug|Any CPU
		{19271DB4-26FF-4304-89C8-36F3870547BD}.Debug|Any CPU.Build.0 = Debug|Any CPU
		{19271DB4-26FF-4304-89C8-36F3870547BD}.Release|Any CPU.ActiveCfg = Release|Any CPU
		{19271DB4-26FF-4304-89C8-36F3870547BD}.Release|Any CPU.Build.0 = Release|Any CPU
		{0F543E38-910B-4204-BDDD-EE85DF67BC7C}.Debug|Any CPU.ActiveCfg = Debug|Any CPU
		{0F543E38-910B-4204-BDDD-EE85DF67BC7C}.Debug|Any CPU.Build.0 = Debug|Any CPU
		{0F543E38-910B-4204-BDDD-EE85DF67BC7C}.Release|Any CPU.ActiveCfg = Release|Any CPU
		{0F543E38-910B-4204-BDDD-EE85DF67BC7C}.Release|Any CPU.Build.0 = Release|Any CPU
		{02496478-6E8E-41DD-802C-FD19C709B238}.Debug|Any CPU.ActiveCfg = Debug|Any CPU
		{02496478-6E8E-41DD-802C-FD19C709B238}.Debug|Any CPU.Build.0 = Debug|Any CPU
		{02496478-6E8E-41DD-802C-FD19C709B238}.Release|Any CPU.ActiveCfg = Release|Any CPU
		{02496478-6E8E-41DD-802C-FD19C709B238}.Release|Any CPU.Build.0 = Release|Any CPU
	EndGlobalSection
	GlobalSection(SolutionProperties) = preSolution
		HideSolutionNode = FALSE
	EndGlobalSection
	GlobalSection(NestedProjects) = preSolution
		{5FE1EC42-3352-499D-99FB-82C96525DE07} = {CC3E8F18-6569-485A-A9A7-7E8E4894E786}
		{F3053DFA-48E8-4865-9104-32A5DCE2F214} = {CC3E8F18-6569-485A-A9A7-7E8E4894E786}
		{81C5DC5A-4AE6-4646-B9CC-5EF34C6E05CA} = {B433AD21-0BFB-4CC3-A539-DF199FC8C595}
		{54F5080A-3A91-4EB8-B061-449E9CD0C22E} = {B433AD21-0BFB-4CC3-A539-DF199FC8C595}
		{293B6198-47C6-4831-B65E-5251E9CCAE6B} = {B433AD21-0BFB-4CC3-A539-DF199FC8C595}
		{EBF100E9-3A6B-4E34-B123-FE790A0103F6} = {B433AD21-0BFB-4CC3-A539-DF199FC8C595}
		{19271DB4-26FF-4304-89C8-36F3870547BD} = {B433AD21-0BFB-4CC3-A539-DF199FC8C595}
		{02496478-6E8E-41DD-802C-FD19C709B238} = {B433AD21-0BFB-4CC3-A539-DF199FC8C595}
	EndGlobalSection
	GlobalSection(ExtensibilityGlobals) = postSolution
		SolutionGuid = {BFD67B91-CD35-49E8-94C1-E691DD35D5E5}
	EndGlobalSection
	GlobalSection(TeamFoundationVersionControl) = preSolution
		SccNumberOfProjects = 11
		SccEnterpriseProvider = {4CA58AB2-18FA-4F8D-95D4-32DDF27D184C}
		SccTeamFoundationServer = http://nuget.uuids.cn:1003/tfs/index
		SccLocalPath0 = .
		SccProjectUniqueName1 = GreenWhale.BootLoader\\GreenWhale.BootLoader.csproj
		SccProjectTopLevelParentUniqueName1 = MultiMeterSystem.sln
		SccProjectName1 = GreenWhale.BootLoader
		SccLocalPath1 = GreenWhale.BootLoader
		SccProjectUniqueName2 = MultiMeterSystem\\MultiMeterSystem.csproj
		SccProjectName2 = MultiMeterSystem
		SccLocalPath2 = MultiMeterSystem
		SccProjectUniqueName3 = GreenWhale.BootLoader.Implements\\GreenWhale.BootLoader.Implements.csproj
		SccProjectTopLevelParentUniqueName3 = MultiMeterSystem.sln
		SccProjectName3 = GreenWhale.BootLoader.Implements
		SccLocalPath3 = GreenWhale.BootLoader.Implements
		SccProjectUniqueName4 = GreenWhale.Extensions.Nuget\\GreenWhale.Extensions.Nuget.csproj
		SccProjectTopLevelParentUniqueName4 = MultiMeterSystem.sln
		SccProjectName4 = GreenWhale.Extensions.Nuget
		SccLocalPath4 = GreenWhale.Extensions.Nuget
		SccProjectUniqueName5 = GreenWhale.Extensions.ProjectManager\\GreenWhale.Extensions.ProjectManager.csproj
		SccProjectTopLevelParentUniqueName5 = MultiMeterSystem.sln
		SccProjectName5 = GreenWhale.Extensions.ProjectManager
		SccLocalPath5 = GreenWhale.Extensions.ProjectManager
		SccProjectUniqueName6 = GreenWhale.Extensions.TestManager\\GreenWhale.Extensions.TestManager.csproj
		SccProjectTopLevelParentUniqueName6 = MultiMeterSystem.sln
		SccProjectName6 = GreenWhale.Extensions.TestManager
		SccLocalPath6 = GreenWhale.Extensions.TestManager
		SccProjectUniqueName7 = GreenWhale.Extensions.Nuget.UnitTest\\GreenWhale.Extensions.Nuget.UnitTest.csproj
		SccProjectTopLevelParentUniqueName7 = MultiMeterSystem.sln
		SccProjectName7 = GreenWhale.Extensions.Nuget.UnitTest
		SccLocalPath7 = GreenWhale.Extensions.Nuget.UnitTest
		SccProjectUniqueName8 = GreenWhale.Extension.TestManager.UnitTest\\GreenWhale.Extensions.TestManager.UnitTest.csproj
		SccProjectTopLevelParentUniqueName8 = MultiMeterSystem.sln
		SccProjectName8 = GreenWhale.Extension.TestManager.UnitTest
		SccLocalPath8 = GreenWhale.Extension.TestManager.UnitTest
		SccProjectUniqueName9 = C:\\Users\\WXF\\source\\repos\\GreenWhale.Docx\\GreenWhale.Docx\\GreenWhale.Docx.csproj
		SccProjectName9 = ../../../IOM/核心库/GreenWhale.Docx/GreenWhale.Docx
		SccLocalPath9 = C:\\Users\\WXF\\source\\repos\\GreenWhale.Docx\\GreenWhale.Docx
		SccProjectUniqueName10 = GreenWhale.Extensions.Styles\\GreenWhale.Extensions.Styles.csproj
		SccProjectTopLevelParentUniqueName10 = MultiMeterSystem.sln
		SccProjectName10 = GreenWhale.Extensions.Styles
		SccLocalPath10 = GreenWhale.Extensions.Styles
	EndGlobalSection
EndGlobal
