
Microsoft Visual Studio Solution File, Format Version 12.00
# Visual Studio Version 16
VisualStudioVersion = 16.0.29920.165
MinimumVisualStudioVersion = 10.0.40219.1
Project("{9A19103F-16F7-4668-BE54-9A1E7A4F7556}") = "LierdaTestStudio", "LSD3SWM-0710000000\LierdaTestStudio.csproj", "{C9B36946-D5FD-4D69-A352-16B326A12516}"
EndProject
Project("{2150E333-8FDC-42A3-9474-1A3956D46DE8}") = "ref", "ref", "{2EB7C0B9-A9F6-453A-94BF-07E33DB966F7}"
EndProject
Project("{9A19103F-16F7-4668-BE54-9A1E7A4F7556}") = "GreenWhale.Application.SerialPorts", "..\..\ref\GreenWhale.Application.SerialPort\GreenWhale.Application.SerialPorts.csproj", "{7EFC1086-659A-450A-BFA1-C6EB342065AC}"
EndProject
Project("{2150E333-8FDC-42A3-9474-1A3956D46DE8}") = "src", "src", "{61BE84B9-9928-4E4E-92F8-02EC52BD61F7}"
EndProject
Project("{2150E333-8FDC-42A3-9474-1A3956D46DE8}") = "test", "test", "{B8E08C31-0AE6-4E31-84A1-00A6B04CCBDA}"
EndProject
Project("{9A19103F-16F7-4668-BE54-9A1E7A4F7556}") = "GreenWhale.Extensions.TestStudio", "GreenWhale.Extensions.TestTools2\GreenWhale.Extensions.TestStudio.csproj", "{C1ACA34D-3FF0-4CFC-994F-0CBEC53681AF}"
EndProject
Project("{9A19103F-16F7-4668-BE54-9A1E7A4F7556}") = "GreenWhale.Extensions.Styles", "..\..\MultiMeterSystem\GreenWhale.Extensions.Styles\GreenWhale.Extensions.Styles.csproj", "{8CD192E8-2D46-47D5-AD6E-7D239A58446F}"
EndProject
Project("{9A19103F-16F7-4668-BE54-9A1E7A4F7556}") = "GreenWhale.Extensions.Views", "GreenWhale.Extensions.Views\GreenWhale.Extensions.Views.csproj", "{DC8FDE76-16F9-446A-ACC3-87E1CC98DB56}"
EndProject
Project("{9A19103F-16F7-4668-BE54-9A1E7A4F7556}") = "GreenWhale.RunTime.Scripts", "GreenWhale.RunTime.Scripts\GreenWhale.RunTime.Scripts.csproj", "{AC09465E-2FAB-4598-BAE7-60100A652549}"
EndProject
Project("{9A19103F-16F7-4668-BE54-9A1E7A4F7556}") = "GreenWhale.Extensions.TestStudio.UnitTest", "GreenWhale.Extensions.TestStudio.UnitTest\GreenWhale.Extensions.TestStudio.UnitTest.csproj", "{C326C859-89D0-4ABF-9195-281F044CCC6C}"
EndProject
Project("{9A19103F-16F7-4668-BE54-9A1E7A4F7556}") = "Magicodes.ExporterAndImporter.Excel", "C:\Users\WXF\source\repos\Magicodes.IE\src\Magicodes.ExporterAndImporter.Excel\Magicodes.ExporterAndImporter.Excel.csproj", "{558AF662-183F-4D4E-92EC-60EEF706E828}"
EndProject
Global
	GlobalSection(SolutionConfigurationPlatforms) = preSolution
		Debug|Any CPU = Debug|Any CPU
		Release|Any CPU = Release|Any CPU
	EndGlobalSection
	GlobalSection(ProjectConfigurationPlatforms) = postSolution
		{C9B36946-D5FD-4D69-A352-16B326A12516}.Debug|Any CPU.ActiveCfg = Debug|Any CPU
		{C9B36946-D5FD-4D69-A352-16B326A12516}.Debug|Any CPU.Build.0 = Debug|Any CPU
		{C9B36946-D5FD-4D69-A352-16B326A12516}.Release|Any CPU.ActiveCfg = Release|Any CPU
		{C9B36946-D5FD-4D69-A352-16B326A12516}.Release|Any CPU.Build.0 = Release|Any CPU
		{7EFC1086-659A-450A-BFA1-C6EB342065AC}.Debug|Any CPU.ActiveCfg = Debug|Any CPU
		{7EFC1086-659A-450A-BFA1-C6EB342065AC}.Debug|Any CPU.Build.0 = Debug|Any CPU
		{7EFC1086-659A-450A-BFA1-C6EB342065AC}.Release|Any CPU.ActiveCfg = Release|Any CPU
		{7EFC1086-659A-450A-BFA1-C6EB342065AC}.Release|Any CPU.Build.0 = Release|Any CPU
		{C1ACA34D-3FF0-4CFC-994F-0CBEC53681AF}.Debug|Any CPU.ActiveCfg = Debug|Any CPU
		{C1ACA34D-3FF0-4CFC-994F-0CBEC53681AF}.Debug|Any CPU.Build.0 = Debug|Any CPU
		{C1ACA34D-3FF0-4CFC-994F-0CBEC53681AF}.Release|Any CPU.ActiveCfg = Release|Any CPU
		{C1ACA34D-3FF0-4CFC-994F-0CBEC53681AF}.Release|Any CPU.Build.0 = Release|Any CPU
		{8CD192E8-2D46-47D5-AD6E-7D239A58446F}.Debug|Any CPU.ActiveCfg = Debug|Any CPU
		{8CD192E8-2D46-47D5-AD6E-7D239A58446F}.Debug|Any CPU.Build.0 = Debug|Any CPU
		{8CD192E8-2D46-47D5-AD6E-7D239A58446F}.Release|Any CPU.ActiveCfg = Release|Any CPU
		{8CD192E8-2D46-47D5-AD6E-7D239A58446F}.Release|Any CPU.Build.0 = Release|Any CPU
		{DC8FDE76-16F9-446A-ACC3-87E1CC98DB56}.Debug|Any CPU.ActiveCfg = Debug|Any CPU
		{DC8FDE76-16F9-446A-ACC3-87E1CC98DB56}.Debug|Any CPU.Build.0 = Debug|Any CPU
		{DC8FDE76-16F9-446A-ACC3-87E1CC98DB56}.Release|Any CPU.ActiveCfg = Release|Any CPU
		{DC8FDE76-16F9-446A-ACC3-87E1CC98DB56}.Release|Any CPU.Build.0 = Release|Any CPU
		{AC09465E-2FAB-4598-BAE7-60100A652549}.Debug|Any CPU.ActiveCfg = Debug|Any CPU
		{AC09465E-2FAB-4598-BAE7-60100A652549}.Debug|Any CPU.Build.0 = Debug|Any CPU
		{AC09465E-2FAB-4598-BAE7-60100A652549}.Release|Any CPU.ActiveCfg = Release|Any CPU
		{AC09465E-2FAB-4598-BAE7-60100A652549}.Release|Any CPU.Build.0 = Release|Any CPU
		{C326C859-89D0-4ABF-9195-281F044CCC6C}.Debug|Any CPU.ActiveCfg = Debug|Any CPU
		{C326C859-89D0-4ABF-9195-281F044CCC6C}.Debug|Any CPU.Build.0 = Debug|Any CPU
		{C326C859-89D0-4ABF-9195-281F044CCC6C}.Release|Any CPU.ActiveCfg = Release|Any CPU
		{C326C859-89D0-4ABF-9195-281F044CCC6C}.Release|Any CPU.Build.0 = Release|Any CPU
		{558AF662-183F-4D4E-92EC-60EEF706E828}.Debug|Any CPU.ActiveCfg = Debug|Any CPU
		{558AF662-183F-4D4E-92EC-60EEF706E828}.Debug|Any CPU.Build.0 = Debug|Any CPU
		{558AF662-183F-4D4E-92EC-60EEF706E828}.Release|Any CPU.ActiveCfg = Release|Any CPU
		{558AF662-183F-4D4E-92EC-60EEF706E828}.Release|Any CPU.Build.0 = Release|Any CPU
	EndGlobalSection
	GlobalSection(SolutionProperties) = preSolution
		HideSolutionNode = FALSE
	EndGlobalSection
	GlobalSection(NestedProjects) = preSolution
		{C9B36946-D5FD-4D69-A352-16B326A12516} = {61BE84B9-9928-4E4E-92F8-02EC52BD61F7}
		{7EFC1086-659A-450A-BFA1-C6EB342065AC} = {2EB7C0B9-A9F6-453A-94BF-07E33DB966F7}
		{C1ACA34D-3FF0-4CFC-994F-0CBEC53681AF} = {61BE84B9-9928-4E4E-92F8-02EC52BD61F7}
		{8CD192E8-2D46-47D5-AD6E-7D239A58446F} = {2EB7C0B9-A9F6-453A-94BF-07E33DB966F7}
		{DC8FDE76-16F9-446A-ACC3-87E1CC98DB56} = {2EB7C0B9-A9F6-453A-94BF-07E33DB966F7}
		{AC09465E-2FAB-4598-BAE7-60100A652549} = {61BE84B9-9928-4E4E-92F8-02EC52BD61F7}
		{C326C859-89D0-4ABF-9195-281F044CCC6C} = {B8E08C31-0AE6-4E31-84A1-00A6B04CCBDA}
		{558AF662-183F-4D4E-92EC-60EEF706E828} = {2EB7C0B9-A9F6-453A-94BF-07E33DB966F7}
	EndGlobalSection
	GlobalSection(ExtensibilityGlobals) = postSolution
		SolutionGuid = {52590A5F-5E86-4F32-9A6D-A570E5488170}
	EndGlobalSection
	GlobalSection(TeamFoundationVersionControl) = preSolution
		SccNumberOfProjects = 8
		SccEnterpriseProvider = {4CA58AB2-18FA-4F8D-95D4-32DDF27D184C}
		SccTeamFoundationServer = http://nuget.uuids.cn:1003/tfs/index
		SccLocalPath0 = .
		SccProjectUniqueName1 = ..\\..\\ref\\GreenWhale.Application.SerialPort\\GreenWhale.Application.SerialPorts.csproj
		SccProjectTopLevelParentUniqueName1 = LierdaTestStudio.sln
		SccProjectName1 = ../../ref/GreenWhale.Application.SerialPort
		SccLocalPath1 = ..\\..\\ref\\GreenWhale.Application.SerialPort
		SccProjectUniqueName2 = ..\\..\\MultiMeterSystem\\GreenWhale.Extensions.Styles\\GreenWhale.Extensions.Styles.csproj
		SccProjectTopLevelParentUniqueName2 = LierdaTestStudio.sln
		SccProjectName2 = ../../MultiMeterSystem/GreenWhale.Extensions.Styles
		SccLocalPath2 = ..\\..\\MultiMeterSystem\\GreenWhale.Extensions.Styles
		SccProjectUniqueName3 = GreenWhale.Extensions.Views\\GreenWhale.Extensions.Views.csproj
		SccProjectTopLevelParentUniqueName3 = LierdaTestStudio.sln
		SccProjectName3 = GreenWhale.Extensions.Views
		SccLocalPath3 = GreenWhale.Extensions.Views
		SccProjectUniqueName4 = GreenWhale.RunTime.Scripts\\GreenWhale.RunTime.Scripts.csproj
		SccProjectTopLevelParentUniqueName4 = LierdaTestStudio.sln
		SccProjectName4 = GreenWhale.RunTime.Scripts
		SccLocalPath4 = GreenWhale.RunTime.Scripts
		SccProjectUniqueName5 = LSD3SWM-0710000000\\LierdaTestStudio.csproj
		SccProjectTopLevelParentUniqueName5 = LierdaTestStudio.sln
		SccProjectName5 = LSD3SWM-0710000000
		SccLocalPath5 = LSD3SWM-0710000000
		SccProjectUniqueName6 = GreenWhale.Extensions.TestTools2\\GreenWhale.Extensions.TestStudio.csproj
		SccProjectTopLevelParentUniqueName6 = LierdaTestStudio.sln
		SccProjectName6 = GreenWhale.Extensions.TestTools2
		SccLocalPath6 = GreenWhale.Extensions.TestTools2
		SccProjectUniqueName7 = GreenWhale.Extensions.TestStudio.UnitTest\\GreenWhale.Extensions.TestStudio.UnitTest.csproj
		SccProjectTopLevelParentUniqueName7 = LierdaTestStudio.sln
		SccProjectName7 = GreenWhale.Extensions.TestStudio.UnitTest
		SccLocalPath7 = GreenWhale.Extensions.TestStudio.UnitTest
	EndGlobalSection
EndGlobal
