
Microsoft Visual Studio Solution File, Format Version 12.00
# Visual Studio Version 16
VisualStudioVersion = 16.0.29905.134
MinimumVisualStudioVersion = 10.0.40219.1
Project("{9A19103F-16F7-4668-BE54-9A1E7A4F7556}") = "TestStudioV1", "LSD3GM0780_16E0\TestStudioV1.csproj", "{CB129927-D8F4-49C8-BF48-56F772D1DB13}"
EndProject
Project("{9A19103F-16F7-4668-BE54-9A1E7A4F7556}") = "GreenWhale.Extension.TestTool1", "GreenWhale.Extension.TestTool.LSD3GM0780_16E0\GreenWhale.Extension.TestTool1.csproj", "{41C1C35C-892B-422C-A1B8-81957DACCC4A}"
EndProject
Project("{2150E333-8FDC-42A3-9474-1A3956D46DE8}") = "src", "src", "{10FB8BD1-E182-4988-B245-F59AB2CB15A8}"
EndProject
Project("{2150E333-8FDC-42A3-9474-1A3956D46DE8}") = "test", "test", "{6F1F3FF3-C31A-4984-B61C-653BDC813F77}"
EndProject
Project("{2150E333-8FDC-42A3-9474-1A3956D46DE8}") = "ref", "ref", "{18601203-A1A8-45D0-B554-5C8650E84798}"
EndProject
Project("{9A19103F-16F7-4668-BE54-9A1E7A4F7556}") = "GreenWhale.Application.SerialPorts", "..\..\ref\GreenWhale.Application.SerialPort\GreenWhale.Application.SerialPorts.csproj", "{A09BE12D-0950-44F3-9D1A-AB3ED20E2146}"
EndProject
Project("{9A19103F-16F7-4668-BE54-9A1E7A4F7556}") = "GreenWhale.Application.SerialPorts.Tests", "..\..\ref\GreenWhale.Application.SerialPorts.Tests\GreenWhale.Application.SerialPorts.Tests.csproj", "{0DD6FDAE-F45D-43BD-AED2-679AB321B556}"
EndProject
Global
	GlobalSection(SolutionConfigurationPlatforms) = preSolution
		Debug|Any CPU = Debug|Any CPU
		Release|Any CPU = Release|Any CPU
	EndGlobalSection
	GlobalSection(ProjectConfigurationPlatforms) = postSolution
		{CB129927-D8F4-49C8-BF48-56F772D1DB13}.Debug|Any CPU.ActiveCfg = Debug|Any CPU
		{CB129927-D8F4-49C8-BF48-56F772D1DB13}.Debug|Any CPU.Build.0 = Debug|Any CPU
		{CB129927-D8F4-49C8-BF48-56F772D1DB13}.Release|Any CPU.ActiveCfg = Release|Any CPU
		{CB129927-D8F4-49C8-BF48-56F772D1DB13}.Release|Any CPU.Build.0 = Release|Any CPU
		{41C1C35C-892B-422C-A1B8-81957DACCC4A}.Debug|Any CPU.ActiveCfg = Debug|Any CPU
		{41C1C35C-892B-422C-A1B8-81957DACCC4A}.Debug|Any CPU.Build.0 = Debug|Any CPU
		{41C1C35C-892B-422C-A1B8-81957DACCC4A}.Release|Any CPU.ActiveCfg = Release|Any CPU
		{41C1C35C-892B-422C-A1B8-81957DACCC4A}.Release|Any CPU.Build.0 = Release|Any CPU
		{A09BE12D-0950-44F3-9D1A-AB3ED20E2146}.Debug|Any CPU.ActiveCfg = Debug|Any CPU
		{A09BE12D-0950-44F3-9D1A-AB3ED20E2146}.Debug|Any CPU.Build.0 = Debug|Any CPU
		{A09BE12D-0950-44F3-9D1A-AB3ED20E2146}.Release|Any CPU.ActiveCfg = Release|Any CPU
		{A09BE12D-0950-44F3-9D1A-AB3ED20E2146}.Release|Any CPU.Build.0 = Release|Any CPU
		{0DD6FDAE-F45D-43BD-AED2-679AB321B556}.Debug|Any CPU.ActiveCfg = Debug|Any CPU
		{0DD6FDAE-F45D-43BD-AED2-679AB321B556}.Debug|Any CPU.Build.0 = Debug|Any CPU
		{0DD6FDAE-F45D-43BD-AED2-679AB321B556}.Release|Any CPU.ActiveCfg = Release|Any CPU
		{0DD6FDAE-F45D-43BD-AED2-679AB321B556}.Release|Any CPU.Build.0 = Release|Any CPU
	EndGlobalSection
	GlobalSection(SolutionProperties) = preSolution
		HideSolutionNode = FALSE
	EndGlobalSection
	GlobalSection(NestedProjects) = preSolution
		{CB129927-D8F4-49C8-BF48-56F772D1DB13} = {10FB8BD1-E182-4988-B245-F59AB2CB15A8}
		{41C1C35C-892B-422C-A1B8-81957DACCC4A} = {10FB8BD1-E182-4988-B245-F59AB2CB15A8}
		{A09BE12D-0950-44F3-9D1A-AB3ED20E2146} = {18601203-A1A8-45D0-B554-5C8650E84798}
		{0DD6FDAE-F45D-43BD-AED2-679AB321B556} = {6F1F3FF3-C31A-4984-B61C-653BDC813F77}
	EndGlobalSection
	GlobalSection(ExtensibilityGlobals) = postSolution
		SolutionGuid = {1C0A109E-0C64-4567-973C-F24F492E70A5}
	EndGlobalSection
EndGlobal
